{
  "name": "demo_app",
  "version": "1.0.0",
  "lockfileVersion": 2,
  "requires": true,
  "packages": {
    "": {
      "name": "demo_app",
      "version": "1.0.0",
      "license": "ISC",
      "dependencies": {
        "gptoken": "^0.0.0"
      }
    },
    "node_modules/gptoken": {
      "version": "0.0.0",
      "resolved": "https://registry.npmjs.org/gptoken/-/gptoken-0.0.0.tgz",
      "integrity": "sha512-+VeZUClw5+wmzE4v/fiPF4KiDMjqVh+UZE6aMhYwDRLexm6/SUnFWZQ7qlVYvqZt435rSY/fQz4AuC+ds0C+1g=="
    }
  },
  "dependencies": {
    "gptoken": {
      "version": "0.0.0",
      "resolved": "https://registry.npmjs.org/gptoken/-/gptoken-0.0.0.tgz",
      "integrity": "sha512-+VeZUClw5+wmzE4v/fiPF4KiDMjqVh+UZE6aMhYwDRLexm6/SUnFWZQ7qlVYvqZt435rSY/fQz4AuC+ds0C+1g=="
    }
  }
}
